Microsoft Visual Studio Solution File, Format Version 12.00
# Visual Studio Version 17
VisualStudioVersion = 17.8.0
MinimumVisualStudioVersion = 10.0.40219.1
Project("{FAE04EC0-301F-11D3-BF4B-00C04F79EFBC}") = "Tix.IBMMQ.Bridge", "Tix.IBMMQ.Bridge/Tix.IBMMQ.Bridge.csproj", "{34252549-5b30-4b20-8160-f894413f080d}"
EndProject
Project("{FAE04EC0-301F-11D3-BF4B-00C04F79EFBC}") = "Tix.IBMMQ.Bridge.Tests", "Tix.IBMMQ.Bridge.Tests/Tix.IBMMQ.Bridge.Tests.csproj", "{9627f076-7197-40db-a072-f355b7221f59}"
EndProject
Global
GlobalSection(SolutionConfigurationPlatforms) = preSolution
Debug|Any CPU = Debug|Any CPU
Release|Any CPU = Release|Any CPU
EndGlobalSection
GlobalSection(ProjectConfigurationPlatforms) = postSolution
{34252549-5b30-4b20-8160-f894413f080d}.Debug|Any CPU.ActiveCfg = Debug|Any CPU
{34252549-5b30-4b20-8160-f894413f080d}.Debug|Any CPU.Build.0 = Debug|Any CPU
{34252549-5b30-4b20-8160-f894413f080d}.Release|Any CPU.ActiveCfg = Release|Any CPU
{34252549-5b30-4b20-8160-f894413f080d}.Release|Any CPU.Build.0 = Release|Any CPU
{9627f076-7197-40db-a072-f355b7221f59}.Debug|Any CPU.ActiveCfg = Debug|Any CPU
{9627f076-7197-40db-a072-f355b7221f59}.Debug|Any CPU.Build.0 = Debug|Any CPU
{9627f076-7197-40db-a072-f355b7221f59}.Release|Any CPU.ActiveCfg = Release|Any CPU
{9627f076-7197-40db-a072-f355b7221f59}.Release|Any CPU.Build.0 = Release|Any CPU
EndGlobalSection
EndGlobal
